
Microsoft Visual Studio Solution File, Format Version 12.00
# Visual Studio Version 17
VisualStudioVersion = 17.7.33808.371
MinimumVisualStudioVersion = 10.0.40219.1
Project("{9A19103F-16F7-4668-BE54-9A1E7A4F7556}") = "Arm64.DesktopApp.WPF", "Arm64.DesktopApp.WPF\Arm64.DesktopApp.WPF.csproj", "{E8F56051-2FA6-4CCE-8B66-5E79934C7183}"
EndProject
Global
	GlobalSection(SolutionConfigurationPlatforms) = preSolution
		Debug|Any CPU = Debug|Any CPU
		Debug|ARM64 = Debug|ARM64
		Debug|x64 = Debug|x64
		Release|Any CPU = Release|Any CPU
		Release|ARM64 = Release|ARM64
		Release|x64 = Release|x64
	EndGlobalSection
	GlobalSection(ProjectConfigurationPlatforms) = postSolution
		{E8F56051-2FA6-4CCE-8B66-5E79934C7183}.Debug|Any CPU.ActiveCfg = Debug|Any CPU
		{E8F56051-2FA6-4CCE-8B66-5E79934C7183}.Debug|Any CPU.Build.0 = Debug|Any CPU
		{E8F56051-2FA6-4CCE-8B66-5E79934C7183}.Debug|ARM64.ActiveCfg = Debug|ARM64
		{E8F56051-2FA6-4CCE-8B66-5E79934C7183}.Debug|ARM64.Build.0 = Debug|ARM64
		{E8F56051-2FA6-4CCE-8B66-5E79934C7183}.Debug|x64.ActiveCfg = Debug|x64
		{E8F56051-2FA6-4CCE-8B66-5E79934C7183}.Debug|x64.Build.0 = Debug|x64
		{E8F56051-2FA6-4CCE-8B66-5E79934C7183}.Release|Any CPU.ActiveCfg = Release|Any CPU
		{E8F56051-2FA6-4CCE-8B66-5E79934C7183}.Release|Any CPU.Build.0 = Release|Any CPU
		{E8F56051-2FA6-4CCE-8B66-5E79934C7183}.Release|ARM64.ActiveCfg = Release|ARM64
		{E8F56051-2FA6-4CCE-8B66-5E79934C7183}.Release|ARM64.Build.0 = Release|ARM64
		{E8F56051-2FA6-4CCE-8B66-5E79934C7183}.Release|x64.ActiveCfg = Release|x64
		{E8F56051-2FA6-4CCE-8B66-5E79934C7183}.Release|x64.Build.0 = Release|x64
	EndGlobalSection
	GlobalSection(SolutionProperties) = preSolution
		HideSolutionNode = FALSE
	EndGlobalSection
	GlobalSection(ExtensibilityGlobals) = postSolution
		SolutionGuid = {1275F04F-7133-46C9-9F49-E2F773443B43}
	EndGlobalSection
EndGlobal
